# This file is automatically @generated by Cargo.
# It is not intended for manual editing.
version = 4

[[package]]
name = "kanesumi-anim"
version = "0.1.0"
dependencies = [
 "sokuou",
]

[[package]]
name = "kanesumi-controls"
version = "0.1.0"
dependencies = [
 "kanesumi-anim",
 "kanesumi-core",
]

[[package]]
name = "kanesumi-core"
version = "0.1.0"

[[package]]
name = "kanesumi-gallery"
version = "0.1.0"
dependencies = [
 "kanesumi-anim",
 "kanesumi-controls",
 "kanesumi-core",
 "kanesumi-structure",
]

[[package]]
name = "kanesumi-harness"
version = "0.1.0"
dependencies = [
 "kanesumi-anim",
 "kanesumi-controls",
 "kanesumi-core",
 "kanesumi-structure",
]

[[package]]
name = "kanesumi-structure"
version = "0.1.0"
dependencies = [
 "kanesumi-core",
]

[[package]]
name = "sokuou"
version = "0.1.0"
source = "git+https://github.com/GuitaristRin/Sokuou#b732a090132a114606f04bffd5917f7f0874dc21"
